// !$*UTF8*$!
{
	archiveVersion = 1;
	classes = {
	};
	objectVersion = 46;
	objects = {

/* Begin PBXBuildFile section */
		3E5503F71D572BAE00CC5C06 /* ScoailItemCell.swift in Sources */ = {isa = PBXBuildFile; fileRef = 3E5503F51D572BAE00CC5C06 /* ScoailItemCell.swift */; };
		3E5503F81D572BAE00CC5C06 /* ScoailItemCell.xib in Resources */ = {isa = PBXBuildFile; fileRef = 3E5503F61D572BAE00CC5C06 /* ScoailItemCell.xib */; };
		3E7BB26F1D559DF200654B5C /* AppDelegate.swift in Sources */ = {isa = PBXBuildFile; fileRef = 3E7BB26E1D559DF200654B5C /* AppDelegate.swift */; };
		3E7BB2741D559DF200654B5C /* Main.storyboard in Resources */ = {isa = PBXBuildFile; fileRef = 3E7BB2721D559DF200654B5C /* Main.storyboard */; };
		3E7BB2761D559DF200654B5C /* Assets.xcassets in Resources */ = {isa = PBXBuildFile; fileRef = 3E7BB2751D559DF200654B5C /* Assets.xcassets */; };
		3E7BB2791D559DF200654B5C /* LaunchScreen.storyboard in Resources */ = {isa = PBXBuildFile; fileRef = 3E7BB2771D559DF200654B5C /* LaunchScreen.storyboard */; };
		3E8E8CF41D582C000078EC2F /* DetailViewController.swift in Sources */ = {isa = PBXBuildFile; fileRef = 3E8E8CF31D582C000078EC2F /* DetailViewController.swift */; };
		3E8E8CF61D5837D00078EC2F /* ZoomingIconTransition.swift in Sources */ = {isa = PBXBuildFile; fileRef = 3E8E8CF51D5837D00078EC2F /* ZoomingIconTransition.swift */; };
		3E9848C61D571B61001BC6DF /* MenuViewController.swift in Sources */ = {isa = PBXBuildFile; fileRef = 3E9848C51D571B61001BC6DF /* MenuViewController.swift */; };
/* End PBXBuildFile section */

/* Begin PBXFileReference section */
		3E5503F51D572BAE00CC5C06 /* ScoailItemCell.swift */ = {isa = PBXFileReference; fileEncoding = 4; lastKnownFileType = sourcecode.swift; path = ScoailItemCell.swift; sourceTree = "<group>"; };
		3E5503F61D572BAE00CC5C06 /* ScoailItemCell.xib */ = {isa = PBXFileReference; fileEncoding = 4; lastKnownFileType = file.xib; path = ScoailItemCell.xib; sourceTree = "<group>"; };
		3E7BB26B1D559DF200654B5C /* ZoomingIcons.app */ = {isa = PBXFileReference; explicitFileType = wrapper.application; includeInIndex = 0; path = ZoomingIcons.app; sourceTree = BUILT_PRODUCTS_DIR; };
		3E7BB26E1D559DF200654B5C /* AppDelegate.swift */ = {isa = PBXFileReference; lastKnownFileType = sourcecode.swift; path = AppDelegate.swift; sourceTree = "<group>"; };
		3E7BB2731D559DF200654B5C /* Base */ = {isa = PBXFileReference; lastKnownFileType = file.storyboard; name = Base; path = Base.lproj/Main.storyboard; sourceTree = "<group>"; };
		3E7BB2751D559DF200654B5C /* Assets.xcassets */ = {isa = PBXFileReference; lastKnownFileType = folder.assetcatalog; path = Assets.xcassets; sourceTree = "<group>"; };
		3E7BB2781D559DF200654B5C /* Base */ = {isa = PBXFileReference; lastKnownFileType = file.storyboard; name = Base; path = Base.lproj/LaunchScreen.storyboard; sourceTree = "<group>"; };
		3E7BB27A1D559DF200654B5C /* Info.plist */ = {isa = PBXFileReference; lastKnownFileType = text.plist.xml; path = Info.plist; sourceTree = "<group>"; };
		3E8E8CF31D582C000078EC2F /* DetailViewController.swift */ = {isa = PBXFileReference; fileEncoding = 4; lastKnownFileType = sourcecode.swift; path = DetailViewController.swift; sourceTree = "<group>"; };
		3E8E8CF51D5837D00078EC2F /* ZoomingIconTransition.swift */ = {isa = PBXFileReference; fileEncoding = 4; lastKnownFileType = sourcecode.swift; path = ZoomingIconTransition.swift; sourceTree = "<group>"; };
		3E9848C51D571B61001BC6DF /* MenuViewController.swift */ = {isa = PBXFileReference; fileEncoding = 4; lastKnownFileType = sourcecode.swift; path = MenuViewController.swift; sourceTree = "<group>"; };
/* End PBXFileReference section */

/* Begin PBXFrameworksBuildPhase section */
		3E7BB2681D559DF200654B5C /* Frameworks */ = {
			isa = PBXFrameworksBuildPhase;
			buildActionMask = 2147483647;
			files = (
			);
			runOnlyForDeploymentPostprocessing = 0;
		};
/* End PBXFrameworksBuildPhase section */

/* Begin PBXGroup section */
		3E7BB2621D559DF200654B5C = {
			isa = PBXGroup;
			children = (
				3E7BB26D1D559DF200654B5C /* ZoomingIcons */,
				3E7BB26C1D559DF200654B5C /* Products */,
			);
			sourceTree = "<group>";
		};
		3E7BB26C1D559DF200654B5C /* Products */ = {
			isa = PBXGroup;
			children = (
				3E7BB26B1D559DF200654B5C /* ZoomingIcons.app */,
			);
			name = Products;
			sourceTree = "<group>";
		};
		3E7BB26D1D559DF200654B5C /* ZoomingIcons */ = {
			isa = PBXGroup;
			children = (
				3E7BB26E1D559DF200654B5C /* AppDelegate.swift */,
				3E7BB2721D559DF200654B5C /* Main.storyboard */,
				3E7BB2751D559DF200654B5C /* Assets.xcassets */,
				3E7BB2771D559DF200654B5C /* LaunchScreen.storyboard */,
				3E7BB27A1D559DF200654B5C /* Info.plist */,
				3E9848C51D571B61001BC6DF /* MenuViewController.swift */,
				3E5503F51D572BAE00CC5C06 /* ScoailItemCell.swift */,
				3E5503F61D572BAE00CC5C06 /* ScoailItemCell.xib */,
				3E8E8CF31D582C000078EC2F /* DetailViewController.swift */,
				3E8E8CF51D5837D00078EC2F /* ZoomingIconTransition.swift */,
			);
			path = ZoomingIcons;
			sourceTree = "<group>";
		};
/* End PBXGroup section */

/* Begin PBXNativeTarget section */
		3E7BB26A1D559DF200654B5C /* ZoomingIcons */ = {
			isa = PBXNativeTarget;
			buildConfigurationList = 3E7BB27D1D559DF200654B5C /* Build configuration list for PBXNativeTarget "ZoomingIcons" */;
			buildPhases = (
				3E7BB2671D559DF200654B5C /* Sources */,
				3E7BB2681D559DF200654B5C /* Frameworks */,
				3E7BB2691D559DF200654B5C /* Resources */,
			);
			buildRules = (
			);
			dependencies = (
			);
			name = ZoomingIcons;
			productName = ZoomingIcons;
			productReference = 3E7BB26B1D559DF200654B5C /* ZoomingIcons.app */;
			productType = "com.apple.product-type.application";
		};
/* End PBXNativeTarget section */

/* Begin PBXProject section */
		3E7BB2631D559DF200654B5C /* Project object */ = {
			isa = PBXProject;
			attributes = {
				LastSwiftUpdateCheck = 0720;
				LastUpgradeCheck = 0720;
				ORGANIZATIONNAME = xjc;
				TargetAttributes = {
					3E7BB26A1D559DF200654B5C = {
						CreatedOnToolsVersion = 7.2.1;
					};
				};
			};
			buildConfigurationList = 3E7BB2661D559DF200654B5C /* Build configuration list for PBXProject "ZoomingIcons" */;
			compatibilityVersion = "Xcode 3.2";
			developmentRegion = English;
			hasScannedForEncodings = 0;
			knownRegions = (
				en,
				Base,
			);
			mainGroup = 3E7BB2621D559DF200654B5C;
			productRefGroup = 3E7BB26C1D559DF200654B5C /* Products */;
			projectDirPath = "";
			projectRoot = "";
			targets = (
				3E7BB26A1D559DF200654B5C /* ZoomingIcons */,
			);
		};
/* End PBXProject section */

/* Begin PBXResourcesBuildPhase section */
		3E7BB2691D559DF200654B5C /* Resources */ = {
			isa = PBXResourcesBuildPhase;
			buildActionMask = 2147483647;
			files = (
				3E7BB2791D559DF200654B5C /* LaunchScreen.storyboard in Resources */,
				3E5503F81D572BAE00CC5C06 /* ScoailItemCell.xib in Resources */,
				3E7BB2761D559DF200654B5C /* Assets.xcassets in Resources */,
				3E7BB2741D559DF200654B5C /* Main.storyboard in Resources */,
			);
			runOnlyForDeploymentPostprocessing = 0;
		};
/* End PBXResourcesBuildPhase section */

/* Begin PBXSourcesBuildPhase section */
		3E7BB2671D559DF200654B5C /* Sources */ = {
			isa = PBXSourcesBuildPhase;
			buildActionMask = 2147483647;
			files = (
				3E5503F71D572BAE00CC5C06 /* ScoailItemCell.swift in Sources */,
				3E9848C61D571B61001BC6DF /* MenuViewController.swift in Sources */,
				3E8E8CF61D5837D00078EC2F /* ZoomingIconTransition.swift in Sources */,
				3E7BB26F1D559DF200654B5C /* AppDelegate.swift in Sources */,
				3E8E8CF41D582C000078EC2F /* DetailViewController.swift in Sources */,
			);
			runOnlyForDeploymentPostprocessing = 0;
		};
/* End PBXSourcesBuildPhase section */

/* Begin PBXVariantGroup section */
		3E7BB2721D559DF200654B5C /* Main.storyboard */ = {
			isa = PBXVariantGroup;
			children = (
				3E7BB2731D559DF200654B5C /* Base */,
			);
			name = Main.storyboard;
			sourceTree = "<group>";
		};
		3E7BB2771D559DF200654B5C /* LaunchScreen.storyboard */ = {
			isa = PBXVariantGroup;
			children = (
				3E7BB2781D559DF200654B5C /* Base */,
			);
			name = LaunchScreen.storyboard;
			sourceTree = "<group>";
		};
/* End PBXVariantGroup section */

/* Begin XCBuildConfiguration section */
		3E7BB27B1D559DF200654B5C /* Debug */ = {
			isa = XCBuildConfiguration;
			buildSettings = {
				ALWAYS_SEARCH_USER_PATHS = NO;
				CLANG_CXX_LANGUAGE_STANDARD = "gnu++0x";
				CLANG_CXX_LIBRARY = "libc++";
				CLANG_ENABLE_MODULES = YES;
				CLANG_ENABLE_OBJC_ARC = YES;
				CLANG_WARN_BOOL_CONVERSION = YES;
				CLANG_WARN_CONSTANT_CONVERSION = YES;
				CLANG_WARN_DIRECT_OBJC_ISA_USAGE = YES_ERROR;
				CLANG_WARN_EMPTY_BODY = YES;
				CLANG_WARN_ENUM_CONVERSION = YES;
				CLANG_WARN_INT_CONVERSION = YES;
				CLANG_WARN_OBJC_ROOT_CLASS = YES_ERROR;
				CLANG_WARN_UNREACHABLE_CODE = YES;
				CLANG_WARN__DUPLICATE_METHOD_MATCH = YES;
				"CODE_SIGN_IDENTITY[sdk=iphoneos*]" = "iPhone Developer";
				COPY_PHASE_STRIP = NO;
				DEBUG_INFORMATION_FORMAT = dwarf;
				ENABLE_STRICT_OBJC_MSGSEND = YES;
				ENABLE_TESTABILITY = YES;
				GCC_C_LANGUAGE_STANDARD = gnu99;
				GCC_DYNAMIC_NO_PIC = NO;
				GCC_NO_COMMON_BLOCKS = YES;
				GCC_OPTIMIZATION_LEVEL = 0;
				GCC_PREPROCESSOR_DEFINITIONS = (
					"DEBUG=1",
					"$(inherited)",
				);
				GCC_WARN_64_TO_32_BIT_CONVERSION = YES;
				GCC_WARN_ABOUT_RETURN_TYPE = YES_ERROR;
				GCC_WARN_UNDECLARED_SELECTOR = YES;
				GCC_WARN_UNINITIALIZED_AUTOS = YES_AGGRESSIVE;
				GCC_WARN_UNUSED_FUNCTION = YES;
				GCC_WARN_UNUSED_VARIABLE = YES;
				IPHONEOS_DEPLOYMENT_TARGET = 9.2;
				MTL_ENABLE_DEBUG_INFO = YES;
				ONLY_ACTIVE_ARCH = YES;
				SDKROOT = iphoneos;
				SWIFT_OPTIMIZATION_LEVEL = "-Onone";
			};
			name = Debug;
		};
		3E7BB27C1D559DF200654B5C /* Release */ = {
			isa = XCBuildConfiguration;
			buildSettings = {
				ALWAYS_SEARCH_USER_PATHS = NO;
				CLANG_CXX_LANGUAGE_STANDARD = "gnu++0x";
				CLANG_CXX_LIBRARY = "libc++";
				CLANG_ENABLE_MODULES = YES;
				CLANG_ENABLE_OBJC_ARC = YES;
				CLANG_WARN_BOOL_CONVERSION = YES;
				CLANG_WARN_CONSTANT_CONVERSION = YES;
				CLANG_WARN_DIRECT_OBJC_ISA_USAGE = YES_ERROR;
				CLANG_WARN_EMPTY_BODY = YES;
				CLANG_WARN_ENUM_CONVERSION = YES;
				CLANG_WARN_INT_CONVERSION = YES;
				CLANG_WARN_OBJC_ROOT_CLASS = YES_ERROR;
				CLANG_WARN_UNREACHABLE_CODE = YES;
				CLANG_WARN__DUPLICATE_METHOD_MATCH = YES;
				"CODE_SIGN_IDENTITY[sdk=iphoneos*]" = "iPhone Developer";
				COPY_PHASE_STRIP = NO;
				DEBUG_INFORMATION_FORMAT = "dwarf-with-dsym";
				ENABLE_NS_ASSERTIONS = NO;
				ENABLE_STRICT_OBJC_MSGSEND = YES;
				GCC_C_LANGUAGE_STANDARD = gnu99;
				GCC_NO_COMMON_BLOCKS = YES;
				GCC_WARN_64_TO_32_BIT_CONVERSION = YES;
				GCC_WARN_ABOUT_RETURN_TYPE = YES_ERROR;
				GCC_WARN_UNDECLARED_SELECTOR = YES;
				GCC_WARN_UNINITIALIZED_AUTOS = YES_AGGRESSIVE;
				GCC_WARN_UNUSED_FUNCTION = YES;
				GCC_WARN_UNUSED_VARIABLE = YES;
				IPHONEOS_DEPLOYMENT_TARGET = 9.2;
				MTL_ENABLE_DEBUG_INFO = NO;
				SDKROOT = iphoneos;
				VALIDATE_PRODUCT = YES;
			};
			name = Release;
		};
		3E7BB27E1D559DF200654B5C /* Debug */ = {
			isa = XCBuildConfiguration;
			buildSettings = {
				ASSETCATALOG_COMPILER_APPICON_NAME = AppIcon;
				INFOPLIST_FILE = ZoomingIcons/Info.plist;
				LD_RUNPATH_SEARCH_PATHS = "$(inherited) @executable_path/Frameworks";
				PRODUCT_BUNDLE_IDENTIFIER = com.xjc.ZoomingIcons;
				PRODUCT_NAME = "$(TARGET_NAME)";
			};
			name = Debug;
		};
		3E7BB27F1D559DF200654B5C /* Release */ = {
			isa = XCBuildConfiguration;
			buildSettings = {
				ASSETCATALOG_COMPILER_APPICON_NAME = AppIcon;
				INFOPLIST_FILE = ZoomingIcons/Info.plist;
				LD_RUNPATH_SEARCH_PATHS = "$(inherited) @executable_path/Frameworks";
				PRODUCT_BUNDLE_IDENTIFIER = com.xjc.ZoomingIcons;
				PRODUCT_NAME = "$(TARGET_NAME)";
			};
			name = Release;
		};
/* End XCBuildConfiguration section */

/* Begin XCConfigurationList section */
		3E7BB2661D559DF200654B5C /* Build configuration list for PBXProject "ZoomingIcons" */ = {
			isa = XCConfigurationList;
			buildConfigurations = (
				3E7BB27B1D559DF200654B5C /* Debug */,
				3E7BB27C1D559DF200654B5C /* Release */,
			);
			defaultConfigurationIsVisible = 0;
			defaultConfigurationName = Release;
		};
		3E7BB27D1D559DF200654B5C /* Build configuration list for PBXNativeTarget "ZoomingIcons" */ = {
			isa = XCConfigurationList;
			buildConfigurations = (
				3E7BB27E1D559DF200654B5C /* Debug */,
				3E7BB27F1D559DF200654B5C /* Release */,
			);
			defaultConfigurationIsVisible = 0;
			defaultConfigurationName = Release;
		};
/* End XCConfigurationList section */
	};
	rootObject = 3E7BB2631D559DF200654B5C /* Project object */;
}
